
Microsoft Visual Studio Solution File, Format Version 12.00
# Visual Studio Version 17
VisualStudioVersion = 17.11.35327.3
MinimumVisualStudioVersion = 10.0.40219.1
Project("{FAE04EC0-301F-11D3-BF4B-00C04F79EFBC}") = "puntoDVenta", "puntoDVenta\puntoDVenta.csproj", "{9B83296F-17AB-4CFC-9B44-F0AD337FC844}"
EndProject
Global
	GlobalSection(SolutionConfigurationPlatforms) = preSolution
		Debug|Any CPU = Debug|Any CPU
		Release|Any CPU = Release|Any CPU
	EndGlobalSection
	GlobalSection(ProjectConfigurationPlatforms) = postSolution
		{9B83296F-17AB-4CFC-9B44-F0AD337FC844}.Debug|Any CPU.ActiveCfg = Debug|Any CPU
		{9B83296F-17AB-4CFC-9B44-F0AD337FC844}.Debug|Any CPU.Build.0 = Debug|Any CPU
		{9B83296F-17AB-4CFC-9B44-F0AD337FC844}.Release|Any CPU.ActiveCfg = Release|Any CPU
		{9B83296F-17AB-4CFC-9B44-F0AD337FC844}.Release|Any CPU.Build.0 = Release|Any CPU
	EndGlobalSection
	GlobalSection(SolutionProperties) = preSolution
		HideSolutionNode = FALSE
	EndGlobalSection
	GlobalSection(ExtensibilityGlobals) = postSolution
		SolutionGuid = {ADADA1CE-A79A-45CE-960C-62B07C280987}
	EndGlobalSection
EndGlobal
